{
  "originHash" : "e104eca2df19f5285e04cd8e142d3e542010be9f4c4b4482aa34e2928a2475e8",
  "pins" : [
    {
      "identity" : "audiokit",
      "kind" : "remoteSourceControl",
      "location" : "https://github.com/AudioKit/AudioKit",
      "state" : {
        "branch" : "main",
        "revision" : "ae547afa9a517b96b34ed9ee274967fabcfd94d3"
      }
    },
    {
      "identity" : "audiokitex",
      "kind" : "remoteSourceControl",
      "location" : "https://github.com/AudioKit/AudioKitEX",
      "state" : {
        "revision" : "23e8e3bffd9fbc1dffa72f1d47c7f714dd777288",
        "version" : "5.6.2"
      }
    },
    {
      "identity" : "kissfft",
      "kind" : "remoteSourceControl",
      "location" : "https://github.com/AudioKit/KissFFT",
      "state" : {
        "revision" : "dd0636e151724b8ba2e0908eba4d99a6ff24d00c",
        "version" : "1.0.0"
      }
    },
    {
      "identity" : "soundpipeaudiokit",
      "kind" : "remoteSourceControl",
      "location" : "https://github.com/AudioKit/SoundpipeAudioKit",
      "state" : {
        "branch" : "main",
        "revision" : "bd3636fcecddab5f9625dda202c950d5c83fd918"
      }
    },
    {
      "identity" : "tonic",
      "kind" : "remoteSourceControl",
      "location" : "https://github.com/AudioKit/Tonic",
      "state" : {
        "revision" : "227c89ea047f928787bec571e487239547f21fe6",
        "version" : "2.1.0"
      }
    }
  ],
  "version" : 3
}
